
Microsoft Visual Studio Solution File, Format Version 12.00
# Visual Studio Version 17
VisualStudioVersion = 17.13.35825.156 d17.13
MinimumVisualStudioVersion = 10.0.40219.1
Project("{FAE04EC0-301F-11D3-BF4B-00C04F79EFBC}") = "Writing.Platform", "Writing.Platform\Writing.Platform.csproj", "{214D1109-5AAE-4C47-9E01-4413C3A40684}"
EndProject
Global
	GlobalSection(SolutionConfigurationPlatforms) = preSolution
		Debug|Any CPU = Debug|Any CPU
		Release|Any CPU = Release|Any CPU
	EndGlobalSection
	GlobalSection(ProjectConfigurationPlatforms) = postSolution
		{214D1109-5AAE-4C47-9E01-4413C3A40684}.Debug|Any CPU.ActiveCfg = Debug|Any CPU
		{214D1109-5AAE-4C47-9E01-4413C3A40684}.Debug|Any CPU.Build.0 = Debug|Any CPU
		{214D1109-5AAE-4C47-9E01-4413C3A40684}.Release|Any CPU.ActiveCfg = Release|Any CPU
		{214D1109-5AAE-4C47-9E01-4413C3A40684}.Release|Any CPU.Build.0 = Release|Any CPU
	EndGlobalSection
	GlobalSection(SolutionProperties) = preSolution
		HideSolutionNode = FALSE
	EndGlobalSection
	GlobalSection(ExtensibilityGlobals) = postSolution
		SolutionGuid = {5302487A-D4D9-431D-85B5-1E088F280FCC}
	EndGlobalSection
EndGlobal
